// !$*UTF8*$!
{
	archiveVersion = 1;
	classes = {
	};
	objectVersion = 50;
	objects = {

/* Begin PBXBuildFile section */
		3BC125072404E3AB00CAFB74 /* wumpus-main.cpp in Sources */ = {isa = PBXBuildFile; fileRef = 3BC125062404E3AB00CAFB74 /* wumpus-main.cpp */; };
		3BC1250F2404F24500CAFB74 /* Cave.cpp in Sources */ = {isa = PBXBuildFile; fileRef = 3BC1250D2404F24500CAFB74 /* Cave.cpp */; };
		3BE88FE3241591DB00AA42EA /* Explorer.cpp in Sources */ = {isa = PBXBuildFile; fileRef = 3BE88FE1241591DB00AA42EA /* Explorer.cpp */; };
		3BE88FE62415921300AA42EA /* Wumpus.cpp in Sources */ = {isa = PBXBuildFile; fileRef = 3BE88FE42415921300AA42EA /* Wumpus.cpp */; };
		3BE88FE92415922A00AA42EA /* Hazards.cpp in Sources */ = {isa = PBXBuildFile; fileRef = 3BE88FE72415922A00AA42EA /* Hazards.cpp */; };
/* End PBXBuildFile section */

/* Begin PBXCopyFilesBuildPhase section */
		3BC125012404E3AB00CAFB74 /* CopyFiles */ = {
			isa = PBXCopyFilesBuildPhase;
			buildActionMask = 2147483647;
			dstPath = /usr/share/man/man1/;
			dstSubfolderSpec = 0;
			files = (
			);
			runOnlyForDeploymentPostprocessing = 1;
		};
/* End PBXCopyFilesBuildPhase section */

/* Begin PBXFileReference section */
		3BC125032404E3AB00CAFB74 /* hw04Wumpus */ = {isa = PBXFileReference; explicitFileType = "compiled.mach-o.executable"; includeInIndex = 0; path = hw04Wumpus; sourceTree = BUILT_PRODUCTS_DIR; };
		3BC125062404E3AB00CAFB74 /* wumpus-main.cpp */ = {isa = PBXFileReference; lastKnownFileType = sourcecode.cpp.cpp; path = "wumpus-main.cpp"; sourceTree = "<group>"; };
		3BC1250D2404F24500CAFB74 /* Cave.cpp */ = {isa = PBXFileReference; lastKnownFileType = sourcecode.cpp.cpp; path = Cave.cpp; sourceTree = "<group>"; };
		3BC1250E2404F24500CAFB74 /* Cave.hpp */ = {isa = PBXFileReference; lastKnownFileType = sourcecode.cpp.h; path = Cave.hpp; sourceTree = "<group>"; };
		3BE88FE1241591DB00AA42EA /* Explorer.cpp */ = {isa = PBXFileReference; lastKnownFileType = sourcecode.cpp.cpp; path = Explorer.cpp; sourceTree = "<group>"; };
		3BE88FE2241591DB00AA42EA /* Explorer.hpp */ = {isa = PBXFileReference; lastKnownFileType = sourcecode.cpp.h; path = Explorer.hpp; sourceTree = "<group>"; };
		3BE88FE42415921300AA42EA /* Wumpus.cpp */ = {isa = PBXFileReference; lastKnownFileType = sourcecode.cpp.cpp; path = Wumpus.cpp; sourceTree = "<group>"; };
		3BE88FE52415921300AA42EA /* Wumpus.hpp */ = {isa = PBXFileReference; lastKnownFileType = sourcecode.cpp.h; path = Wumpus.hpp; sourceTree = "<group>"; };
		3BE88FE72415922A00AA42EA /* Hazards.cpp */ = {isa = PBXFileReference; lastKnownFileType = sourcecode.cpp.cpp; path = Hazards.cpp; sourceTree = "<group>"; };
		3BE88FE82415922A00AA42EA /* Hazards.hpp */ = {isa = PBXFileReference; lastKnownFileType = sourcecode.cpp.h; path = Hazards.hpp; sourceTree = "<group>"; };
/* End PBXFileReference section */

/* Begin PBXFrameworksBuildPhase section */
		3BC125002404E3AB00CAFB74 /* Frameworks */ = {
			isa = PBXFrameworksBuildPhase;
			buildActionMask = 2147483647;
			files = (
			);
			runOnlyForDeploymentPostprocessing = 0;
		};
/* End PBXFrameworksBuildPhase section */

/* Begin PBXGroup section */
		3BC124FA2404E3AB00CAFB74 = {
			isa = PBXGroup;
			children = (
				3BC125052404E3AB00CAFB74 /* hw04Wumpus */,
				3BC125042404E3AB00CAFB74 /* Products */,
			);
			sourceTree = "<group>";
		};
		3BC125042404E3AB00CAFB74 /* Products */ = {
			isa = PBXGroup;
			children = (
				3BC125032404E3AB00CAFB74 /* hw04Wumpus */,
			);
			name = Products;
			sourceTree = "<group>";
		};
		3BC125052404E3AB00CAFB74 /* hw04Wumpus */ = {
			isa = PBXGroup;
			children = (
				3BC125062404E3AB00CAFB74 /* wumpus-main.cpp */,
				3BC1250D2404F24500CAFB74 /* Cave.cpp */,
				3BE88FE1241591DB00AA42EA /* Explorer.cpp */,
				3BE88FE2241591DB00AA42EA /* Explorer.hpp */,
				3BE88FE42415921300AA42EA /* Wumpus.cpp */,
				3BE88FE52415921300AA42EA /* Wumpus.hpp */,
				3BE88FE72415922A00AA42EA /* Hazards.cpp */,
				3BE88FE82415922A00AA42EA /* Hazards.hpp */,
				3BC1250E2404F24500CAFB74 /* Cave.hpp */,
			);
			path = hw04Wumpus;
			sourceTree = "<group>";
		};
/* End PBXGroup section */

/* Begin PBXNativeTarget section */
		3BC125022404E3AB00CAFB74 /* hw04Wumpus */ = {
			isa = PBXNativeTarget;
			buildConfigurationList = 3BC1250A2404E3AB00CAFB74 /* Build configuration list for PBXNativeTarget "hw04Wumpus" */;
			buildPhases = (
				3BC124FF2404E3AB00CAFB74 /* Sources */,
				3BC125002404E3AB00CAFB74 /* Frameworks */,
				3BC125012404E3AB00CAFB74 /* CopyFiles */,
			);
			buildRules = (
			);
			dependencies = (
			);
			name = hw04Wumpus;
			productName = hw04Wumpus;
			productReference = 3BC125032404E3AB00CAFB74 /* hw04Wumpus */;
			productType = "com.apple.product-type.tool";
		};
/* End PBXNativeTarget section */

/* Begin PBXProject section */
		3BC124FB2404E3AB00CAFB74 /* Project object */ = {
			isa = PBXProject;
			attributes = {
				LastUpgradeCheck = 1130;
				ORGANIZATIONNAME = "Sarah Carter";
				TargetAttributes = {
					3BC125022404E3AB00CAFB74 = {
						CreatedOnToolsVersion = 11.3.1;
					};
				};
			};
			buildConfigurationList = 3BC124FE2404E3AB00CAFB74 /* Build configuration list for PBXProject "hw04Wumpus" */;
			compatibilityVersion = "Xcode 9.3";
			developmentRegion = en;
			hasScannedForEncodings = 0;
			knownRegions = (
				en,
				Base,
			);
			mainGroup = 3BC124FA2404E3AB00CAFB74;
			productRefGroup = 3BC125042404E3AB00CAFB74 /* Products */;
			projectDirPath = "";
			projectRoot = "";
			targets = (
				3BC125022404E3AB00CAFB74 /* hw04Wumpus */,
			);
		};
/* End PBXProject section */

/* Begin PBXSourcesBuildPhase section */
		3BC124FF2404E3AB00CAFB74 /* Sources */ = {
			isa = PBXSourcesBuildPhase;
			buildActionMask = 2147483647;
			files = (
				3BE88FE62415921300AA42EA /* Wumpus.cpp in Sources */,
				3BC125072404E3AB00CAFB74 /* wumpus-main.cpp in Sources */,
				3BE88FE3241591DB00AA42EA /* Explorer.cpp in Sources */,
				3BC1250F2404F24500CAFB74 /* Cave.cpp in Sources */,
				3BE88FE92415922A00AA42EA /* Hazards.cpp in Sources */,
			);
			runOnlyForDeploymentPostprocessing = 0;
		};
/* End PBXSourcesBuildPhase section */

/* Begin XCBuildConfiguration section */
		3BC125082404E3AB00CAFB74 /* Debug */ = {
			isa = XCBuildConfiguration;
			buildSettings = {
				ALWAYS_SEARCH_USER_PATHS = NO;
				CLANG_ANALYZER_NONNULL = YES;
				CLANG_ANALYZER_NUMBER_OBJECT_CONVERSION = YES_AGGRESSIVE;
				CLANG_CXX_LANGUAGE_STANDARD = "gnu++14";
				CLANG_CXX_LIBRARY = "libc++";
				CLANG_ENABLE_MODULES = YES;
				CLANG_ENABLE_OBJC_ARC = YES;
				CLANG_ENABLE_OBJC_WEAK = YES;
				CLANG_WARN_BLOCK_CAPTURE_AUTORELEASING = YES;
				CLANG_WARN_BOOL_CONVERSION = YES;
				CLANG_WARN_COMMA = YES;
				CLANG_WARN_CONSTANT_CONVERSION = YES;
				CLANG_WARN_DEPRECATED_OBJC_IMPLEMENTATIONS = YES;
				CLANG_WARN_DIRECT_OBJC_ISA_USAGE = YES_ERROR;
				CLANG_WARN_DOCUMENTATION_COMMENTS = YES;
				CLANG_WARN_EMPTY_BODY = YES;
				CLANG_WARN_ENUM_CONVERSION = YES;
				CLANG_WARN_INFINITE_RECURSION = YES;
				CLANG_WARN_INT_CONVERSION = YES;
				CLANG_WARN_NON_LITERAL_NULL_CONVERSION = YES;
				CLANG_WARN_OBJC_IMPLICIT_RETAIN_SELF = YES;
				CLANG_WARN_OBJC_LITERAL_CONVERSION = YES;
				CLANG_WARN_OBJC_ROOT_CLASS = YES_ERROR;
				CLANG_WARN_RANGE_LOOP_ANALYSIS = YES;
				CLANG_WARN_STRICT_PROTOTYPES = YES;
				CLANG_WARN_SUSPICIOUS_MOVE = YES;
				CLANG_WARN_UNGUARDED_AVAILABILITY = YES_AGGRESSIVE;
				CLANG_WARN_UNREACHABLE_CODE = YES;
				CLANG_WARN__DUPLICATE_METHOD_MATCH = YES;
				COPY_PHASE_STRIP = NO;
				DEBUG_INFORMATION_FORMAT = dwarf;
				ENABLE_STRICT_OBJC_MSGSEND = YES;
				ENABLE_TESTABILITY = YES;
				GCC_C_LANGUAGE_STANDARD = gnu11;
				GCC_DYNAMIC_NO_PIC = NO;
				GCC_NO_COMMON_BLOCKS = YES;
				GCC_OPTIMIZATION_LEVEL = 0;
				GCC_PREPROCESSOR_DEFINITIONS = (
					"DEBUG=1",
					"$(inherited)",
				);
				GCC_WARN_64_TO_32_BIT_CONVERSION = YES;
				GCC_WARN_ABOUT_RETURN_TYPE = YES_ERROR;
				GCC_WARN_UNDECLARED_SELECTOR = YES;
				GCC_WARN_UNINITIALIZED_AUTOS = YES_AGGRESSIVE;
				GCC_WARN_UNUSED_FUNCTION = YES;
				GCC_WARN_UNUSED_VARIABLE = YES;
				MACOSX_DEPLOYMENT_TARGET = 10.14;
				MTL_ENABLE_DEBUG_INFO = INCLUDE_SOURCE;
				MTL_FAST_MATH = YES;
				ONLY_ACTIVE_ARCH = YES;
				SDKROOT = macosx;
			};
			name = Debug;
		};
		3BC125092404E3AB00CAFB74 /* Release */ = {
			isa = XCBuildConfiguration;
			buildSettings = {
				ALWAYS_SEARCH_USER_PATHS = NO;
				CLANG_ANALYZER_NONNULL = YES;
				CLANG_ANALYZER_NUMBER_OBJECT_CONVERSION = YES_AGGRESSIVE;
				CLANG_CXX_LANGUAGE_STANDARD = "gnu++14";
				CLANG_CXX_LIBRARY = "libc++";
				CLANG_ENABLE_MODULES = YES;
				CLANG_ENABLE_OBJC_ARC = YES;
				CLANG_ENABLE_OBJC_WEAK = YES;
				CLANG_WARN_BLOCK_CAPTURE_AUTORELEASING = YES;
				CLANG_WARN_BOOL_CONVERSION = YES;
				CLANG_WARN_COMMA = YES;
				CLANG_WARN_CONSTANT_CONVERSION = YES;
				CLANG_WARN_DEPRECATED_OBJC_IMPLEMENTATIONS = YES;
				CLANG_WARN_DIRECT_OBJC_ISA_USAGE = YES_ERROR;
				CLANG_WARN_DOCUMENTATION_COMMENTS = YES;
				CLANG_WARN_EMPTY_BODY = YES;
				CLANG_WARN_ENUM_CONVERSION = YES;
				CLANG_WARN_INFINITE_RECURSION = YES;
				CLANG_WARN_INT_CONVERSION = YES;
				CLANG_WARN_NON_LITERAL_NULL_CONVERSION = YES;
				CLANG_WARN_OBJC_IMPLICIT_RETAIN_SELF = YES;
				CLANG_WARN_OBJC_LITERAL_CONVERSION = YES;
				CLANG_WARN_OBJC_ROOT_CLASS = YES_ERROR;
				CLANG_WARN_RANGE_LOOP_ANALYSIS = YES;
				CLANG_WARN_STRICT_PROTOTYPES = YES;
				CLANG_WARN_SUSPICIOUS_MOVE = YES;
				CLANG_WARN_UNGUARDED_AVAILABILITY = YES_AGGRESSIVE;
				CLANG_WARN_UNREACHABLE_CODE = YES;
				CLANG_WARN__DUPLICATE_METHOD_MATCH = YES;
				COPY_PHASE_STRIP = NO;
				DEBUG_INFORMATION_FORMAT = "dwarf-with-dsym";
				ENABLE_NS_ASSERTIONS = NO;
				ENABLE_STRICT_OBJC_MSGSEND = YES;
				GCC_C_LANGUAGE_STANDARD = gnu11;
				GCC_NO_COMMON_BLOCKS = YES;
				GCC_WARN_64_TO_32_BIT_CONVERSION = YES;
				GCC_WARN_ABOUT_RETURN_TYPE = YES_ERROR;
				GCC_WARN_UNDECLARED_SELECTOR = YES;
				GCC_WARN_UNINITIALIZED_AUTOS = YES_AGGRESSIVE;
				GCC_WARN_UNUSED_FUNCTION = YES;
				GCC_WARN_UNUSED_VARIABLE = YES;
				MACOSX_DEPLOYMENT_TARGET = 10.14;
				MTL_ENABLE_DEBUG_INFO = NO;
				MTL_FAST_MATH = YES;
				SDKROOT = macosx;
			};
			name = Release;
		};
		3BC1250B2404E3AB00CAFB74 /* Debug */ = {
			isa = XCBuildConfiguration;
			buildSettings = {
				CODE_SIGN_STYLE = Automatic;
				DEVELOPMENT_TEAM = R4U3G8PRSV;
				ENABLE_HARDENED_RUNTIME = YES;
				PRODUCT_NAME = "$(TARGET_NAME)";
			};
			name = Debug;
		};
		3BC1250C2404E3AB00CAFB74 /* Release */ = {
			isa = XCBuildConfiguration;
			buildSettings = {
				CODE_SIGN_STYLE = Automatic;
				DEVELOPMENT_TEAM = R4U3G8PRSV;
				ENABLE_HARDENED_RUNTIME = YES;
				PRODUCT_NAME = "$(TARGET_NAME)";
			};
			name = Release;
		};
/* End XCBuildConfiguration section */

/* Begin XCConfigurationList section */
		3BC124FE2404E3AB00CAFB74 /* Build configuration list for PBXProject "hw04Wumpus" */ = {
			isa = XCConfigurationList;
			buildConfigurations = (
				3BC125082404E3AB00CAFB74 /* Debug */,
				3BC125092404E3AB00CAFB74 /* Release */,
			);
			defaultConfigurationIsVisible = 0;
			defaultConfigurationName = Release;
		};
		3BC1250A2404E3AB00CAFB74 /* Build configuration list for PBXNativeTarget "hw04Wumpus" */ = {
			isa = XCConfigurationList;
			buildConfigurations = (
				3BC1250B2404E3AB00CAFB74 /* Debug */,
				3BC1250C2404E3AB00CAFB74 /* Release */,
			);
			defaultConfigurationIsVisible = 0;
			defaultConfigurationName = Release;
		};
/* End XCConfigurationList section */
	};
	rootObject = 3BC124FB2404E3AB00CAFB74 /* Project object */;
}
